forgejo.develop.10.199.64.20.nip.io/zergx/go-shared v0.1.0 h1:dcrmT+h9gHuSujy+PDa+mLWM5+Je7ahKGJtuz9UZ8SE=
forgejo.develop.10.199.64.20.nip.io/zergx/go-shared v0.1.0/go.mod h1:QFor4G38FDMBx2D7mP4rszqDWgzTLQlL/lE4wDDe2Hg=
forgejo.develop.10.199.64.20.nip.io/zergx/go-shared v0.1.1 h1:La4XyQP1y1rSR42Bnv0DGX+bEYl4UwSv0nO8DYZAhw0=
forgejo.develop.10.199.64.20.nip.io/zergx/go-shared v0.1.1/go.mod h1:QFor4G38FDMBx2D7mP4rszqDWgzTLQlL/lE4wDDe2Hg=
github.com/gorilla/websocket v1.5.3 h1:saDtZ6Pbx/0u+bgYQ3q96pZgCzfhKXGPqt7kZ72aNNg=
github.com/gorilla/websocket v1.5.3/go.mod h1:YR8l580nyteQvAITg2hZ9XVh4b55+EU/adAjf1fMHhE=
